{
  "name": "@kpander/carousel-js",
  "version": "3.0.0",
  "lockfileVersion": 2,
  "requires": true,
  "packages": {
    "": {
      "name": "@kpander/carousel-js",
      "version": "3.0.0",
      "license": "MIT",
      "devDependencies": {
        "@kpander/packager-js": "^1.0.1",
        "@playwright/test": "^1.38.1",
        "@types/node": "^20.7.0"
      }
    },
    "node_modules/@kpander/packager-js": {
      "version": "1.0.1",
      "resolved": "https://npm.pkg.github.com/download/@kpander/packager-js/1.0.1/13c3bc943514675a6bf3d7674b5ca608dbcf3c0e",
      "integrity": "sha512-sZT6nBQKWEnUu8UePEuPn3phW951iyFD3oSyiaj/WWgf592H+OGOBK5UiLJ2FXgmgGrbwN6Cg34cSzoEfku3Tw==",
      "dev": true,
      "license": "MIT",
      "dependencies": {
        "uglify-js": "^3.17.4"
      }
    },
    "node_modules/@playwright/test": {
      "version": "1.38.1",
      "resolved": "https://registry.npmjs.org/@playwright/test/-/test-1.38.1.tgz",
      "integrity": "sha512-NqRp8XMwj3AK+zKLbZShl0r/9wKgzqI/527bkptKXomtuo+dOjU9NdMASQ8DNC9z9zLOMbG53T4eihYr3XR+BQ==",
      "dev": true,
      "dependencies": {
        "playwright": "1.38.1"
      },
      "bin": {
        "playwright": "cli.js"
      },
      "engines": {
        "node": ">=16"
      }
    },
    "node_modules/@types/node": {
      "version": "20.7.0",
      "resolved": "https://registry.npmjs.org/@types/node/-/node-20.7.0.tgz",
      "integrity": "sha512-zI22/pJW2wUZOVyguFaUL1HABdmSVxpXrzIqkjsHmyUjNhPoWM1CKfvVuXfetHhIok4RY573cqS0mZ1SJEnoTg==",
      "dev": true
    },
    "node_modules/fsevents": {
      "version": "2.3.2",
      "resolved": "https://registry.npmjs.org/fsevents/-/fsevents-2.3.2.tgz",
      "integrity": "sha512-xiqMQR4xAeHTuB9uWm+fFRcIOgKBMiOBP+eXiyT7jsgVCq1bkVygt00oASowB7EdtpOHaaPgKt812P9ab+DDKA==",
      "dev": true,
      "hasInstallScript": true,
      "optional": true,
      "os": [
        "darwin"
      ],
      "engines": {
        "node": "^8.16.0 || ^10.6.0 || >=11.0.0"
      }
    },
    "node_modules/playwright": {
      "version": "1.38.1",
      "resolved": "https://registry.npmjs.org/playwright/-/playwright-1.38.1.tgz",
      "integrity": "sha512-oRMSJmZrOu1FP5iu3UrCx8JEFRIMxLDM0c/3o4bpzU5Tz97BypefWf7TuTNPWeCe279TPal5RtPPZ+9lW/Qkow==",
      "dev": true,
      "dependencies": {
        "playwright-core": "1.38.1"
      },
      "bin": {
        "playwright": "cli.js"
      },
      "engines": {
        "node": ">=16"
      },
      "optionalDependencies": {
        "fsevents": "2.3.2"
      }
    },
    "node_modules/playwright-core": {
      "version": "1.38.1",
      "resolved": "https://registry.npmjs.org/playwright-core/-/playwright-core-1.38.1.tgz",
      "integrity": "sha512-tQqNFUKa3OfMf4b2jQ7aGLB8o9bS3bOY0yMEtldtC2+spf8QXG9zvXLTXUeRsoNuxEYMgLYR+NXfAa1rjKRcrg==",
      "dev": true,
      "bin": {
        "playwright-core": "cli.js"
      },
      "engines": {
        "node": ">=16"
      }
    },
    "node_modules/uglify-js": {
      "version": "3.17.4",
      "resolved": "https://registry.npmjs.org/uglify-js/-/uglify-js-3.17.4.tgz",
      "integrity": "sha512-T9q82TJI9e/C1TAxYvfb16xO120tMVFZrGA3f9/P4424DNu6ypK103y0GPFVa17yotwSyZW5iYXgjYHkGrJW/g==",
      "dev": true,
      "bin": {
        "uglifyjs": "bin/uglifyjs"
      },
      "engines": {
        "node": ">=0.8.0"
      }
    }
  },
  "dependencies": {
    "@kpander/packager-js": {
      "version": "1.0.1",
      "resolved": "https://npm.pkg.github.com/download/@kpander/packager-js/1.0.1/13c3bc943514675a6bf3d7674b5ca608dbcf3c0e",
      "integrity": "sha512-sZT6nBQKWEnUu8UePEuPn3phW951iyFD3oSyiaj/WWgf592H+OGOBK5UiLJ2FXgmgGrbwN6Cg34cSzoEfku3Tw==",
      "dev": true,
      "requires": {
        "uglify-js": "^3.17.4"
      }
    },
    "@playwright/test": {
      "version": "1.38.1",
      "resolved": "https://registry.npmjs.org/@playwright/test/-/test-1.38.1.tgz",
      "integrity": "sha512-NqRp8XMwj3AK+zKLbZShl0r/9wKgzqI/527bkptKXomtuo+dOjU9NdMASQ8DNC9z9zLOMbG53T4eihYr3XR+BQ==",
      "dev": true,
      "requires": {
        "playwright": "1.38.1"
      }
    },
    "@types/node": {
      "version": "20.7.0",
      "resolved": "https://registry.npmjs.org/@types/node/-/node-20.7.0.tgz",
      "integrity": "sha512-zI22/pJW2wUZOVyguFaUL1HABdmSVxpXrzIqkjsHmyUjNhPoWM1CKfvVuXfetHhIok4RY573cqS0mZ1SJEnoTg==",
      "dev": true
    },
    "fsevents": {
      "version": "2.3.2",
      "resolved": "https://registry.npmjs.org/fsevents/-/fsevents-2.3.2.tgz",
      "integrity": "sha512-xiqMQR4xAeHTuB9uWm+fFRcIOgKBMiOBP+eXiyT7jsgVCq1bkVygt00oASowB7EdtpOHaaPgKt812P9ab+DDKA==",
      "dev": true,
      "optional": true
    },
    "playwright": {
      "version": "1.38.1",
      "resolved": "https://registry.npmjs.org/playwright/-/playwright-1.38.1.tgz",
      "integrity": "sha512-oRMSJmZrOu1FP5iu3UrCx8JEFRIMxLDM0c/3o4bpzU5Tz97BypefWf7TuTNPWeCe279TPal5RtPPZ+9lW/Qkow==",
      "dev": true,
      "requires": {
        "fsevents": "2.3.2",
        "playwright-core": "1.38.1"
      }
    },
    "playwright-core": {
      "version": "1.38.1",
      "resolved": "https://registry.npmjs.org/playwright-core/-/playwright-core-1.38.1.tgz",
      "integrity": "sha512-tQqNFUKa3OfMf4b2jQ7aGLB8o9bS3bOY0yMEtldtC2+spf8QXG9zvXLTXUeRsoNuxEYMgLYR+NXfAa1rjKRcrg==",
      "dev": true
    },
    "uglify-js": {
      "version": "3.17.4",
      "resolved": "https://registry.npmjs.org/uglify-js/-/uglify-js-3.17.4.tgz",
      "integrity": "sha512-T9q82TJI9e/C1TAxYvfb16xO120tMVFZrGA3f9/P4424DNu6ypK103y0GPFVa17yotwSyZW5iYXgjYHkGrJW/g==",
      "dev": true
    }
  }
}
